Microsoft Visual Studio Solution File, Format Version 12.00
# Visual Studio Version 17
VisualStudioVersion = 17.5.2.0
MinimumVisualStudioVersion = 10.0.40219.1
Project("{FAE04EC0-301F-11D3-BF4B-00C04F79EFBC}") = "ApifConfiguration", "ApifConfiguration\ApifConfiguration.csproj", "{315A35CD-864A-C9D8-989B-FE977AFAF30D}"
EndProject
Project("{FAE04EC0-301F-11D3-BF4B-00C04F79EFBC}") = "ApifConfigurationTests", "ApifConfigurationTests\ApifConfigurationTests.csproj", "{BE2FE8E9-53AE-6F6E-5D45-107CD2927B53}"
EndProject
Global
	GlobalSection(SolutionConfigurationPlatforms) = preSolution
		Debug|Any CPU = Debug|Any CPU
		Release|Any CPU = Release|Any CPU
	EndGlobalSection
	GlobalSection(ProjectConfigurationPlatforms) = postSolution
		{315A35CD-864A-C9D8-989B-FE977AFAF30D}.Debug|Any CPU.ActiveCfg = Debug|Any CPU
		{315A35CD-864A-C9D8-989B-FE977AFAF30D}.Debug|Any CPU.Build.0 = Debug|Any CPU
		{315A35CD-864A-C9D8-989B-FE977AFAF30D}.Release|Any CPU.ActiveCfg = Release|Any CPU
		{315A35CD-864A-C9D8-989B-FE977AFAF30D}.Release|Any CPU.Build.0 = Release|Any CPU
		{BE2FE8E9-53AE-6F6E-5D45-107CD2927B53}.Debug|Any CPU.ActiveCfg = Debug|Any CPU
		{BE2FE8E9-53AE-6F6E-5D45-107CD2927B53}.Debug|Any CPU.Build.0 = Debug|Any CPU
		{BE2FE8E9-53AE-6F6E-5D45-107CD2927B53}.Release|Any CPU.ActiveCfg = Release|Any CPU
		{BE2FE8E9-53AE-6F6E-5D45-107CD2927B53}.Release|Any CPU.Build.0 = Release|Any CPU
	EndGlobalSection
	GlobalSection(SolutionProperties) = preSolution
		HideSolutionNode = FALSE
	EndGlobalSection
	GlobalSection(ExtensibilityGlobals) = postSolution
		SolutionGuid = {56E94D2C-7A74-4FCF-87AB-6E16B1B9C16C}
	EndGlobalSection
EndGlobal
